// !$*UTF8*$!
{
	archiveVersion = 1;
	classes = {
	};
	objectVersion = 50;
	objects = {

/* Begin PBXBuildFile section */
		3A91D24E2423CB6A00A86587 /* main.cpp in Sources */ = {isa = PBXBuildFile; fileRef = 3A3B498D241F9BA700084872 /* main.cpp */; };
/* End PBXBuildFile section */

/* Begin PBXCopyFilesBuildPhase section */
		3ABAC82E241F9B8400C40957 /* CopyFiles */ = {
			isa = PBXCopyFilesBuildPhase;
			buildActionMask = 2147483647;
			dstPath = /usr/share/man/man1/;
			dstSubfolderSpec = 0;
			files = (
			);
			runOnlyForDeploymentPostprocessing = 1;
		};
/* End PBXCopyFilesBuildPhase section */

/* Begin PBXFileReference section */
		3A3B498D241F9BA700084872 /* main.cpp */ = {isa = PBXFileReference; fileEncoding = 4; lastKnownFileType = sourcecode.cpp.cpp; name = main.cpp; path = src/main.cpp; sourceTree = SOURCE_ROOT; };
		3A4DA33C24745DAA00714407 /* glLines.hpp */ = {isa = PBXFileReference; lastKnownFileType = sourcecode.cpp.h; path = glLines.hpp; sourceTree = "<group>"; };
		3A4DA33D247464F600714407 /* advanced.vs */ = {isa = PBXFileReference; lastKnownFileType = sourcecode.glsl; path = advanced.vs; sourceTree = "<group>"; };
		3A4DA33E247464F800714407 /* advanced.fs */ = {isa = PBXFileReference; lastKnownFileType = sourcecode.glsl; path = advanced.fs; sourceTree = "<group>"; };
		3A5EBD9D247925A200F2C146 /* glReferenceAxes.hpp */ = {isa = PBXFileReference; lastKnownFileType = sourcecode.cpp.h; path = glReferenceAxes.hpp; sourceTree = "<group>"; };
		3A996DAA247AC96C00EF032F /* orto.fs */ = {isa = PBXFileReference; lastKnownFileType = sourcecode.glsl; path = orto.fs; sourceTree = "<group>"; };
		3A996DAB247AC97700EF032F /* orto.vs */ = {isa = PBXFileReference; lastKnownFileType = sourcecode.glsl; path = orto.vs; sourceTree = "<group>"; };
		3ABAC830241F9B8400C40957 /* OGL */ = {isa = PBXFileReference; explicitFileType = "compiled.mach-o.executable"; includeInIndex = 0; path = OGL; sourceTree = BUILT_PRODUCTS_DIR; };
		3AF045942472DBB100DBCC91 /* glColors.hpp */ = {isa = PBXFileReference; lastKnownFileType = sourcecode.cpp.h; path = glColors.hpp; sourceTree = "<group>"; };
		3AF50E472476DA6600BE42EF /* glPrint3D.hpp */ = {isa = PBXFileReference; lastKnownFileType = sourcecode.cpp.h; path = glPrint3D.hpp; sourceTree = "<group>"; };
		3AF50E482476DCA500BE42EF /* text3D.vs */ = {isa = PBXFileReference; lastKnownFileType = sourcecode.glsl; path = text3D.vs; sourceTree = "<group>"; };
		3AFE1E9624742880006C81D8 /* debug.hpp */ = {isa = PBXFileReference; lastKnownFileType = sourcecode.cpp.h; path = debug.hpp; sourceTree = "<group>"; };
		3AFE7ED5247164C7000E8463 /* sphere.fs */ = {isa = PBXFileReference; lastKnownFileType = sourcecode.glsl; path = sphere.fs; sourceTree = "<group>"; };
		3AFE7ED6247164C7000E8463 /* model.fs */ = {isa = PBXFileReference; lastKnownFileType = sourcecode.glsl; path = model.fs; sourceTree = "<group>"; };
		3AFE7ED9247164C7000E8463 /* PCF.vs */ = {isa = PBXFileReference; lastKnownFileType = sourcecode.glsl; path = PCF.vs; sourceTree = "<group>"; };
		3AFE7EDA247164C7000E8463 /* PCF.gs */ = {isa = PBXFileReference; lastKnownFileType = sourcecode.glsl; path = PCF.gs; sourceTree = "<group>"; };
		3AFE7EDB247164C7000E8463 /* PCF.fs */ = {isa = PBXFileReference; lastKnownFileType = sourcecode.glsl; path = PCF.fs; sourceTree = "<group>"; };
		3AFE7EDC247164C7000E8463 /* shadowMap.vs */ = {isa = PBXFileReference; lastKnownFileType = sourcecode.glsl; path = shadowMap.vs; sourceTree = "<group>"; };
		3AFE7EDD247164C7000E8463 /* shadowMap.fs */ = {isa = PBXFileReference; lastKnownFileType = sourcecode.glsl; path = shadowMap.fs; sourceTree = "<group>"; };
		3AFE7EDE247164C7000E8463 /* depth.fs */ = {isa = PBXFileReference; lastKnownFileType = sourcecode.glsl; path = depth.fs; sourceTree = "<group>"; };
		3AFE7EDF247164C7000E8463 /* text.fs */ = {isa = PBXFileReference; lastKnownFileType = sourcecode.glsl; path = text.fs; sourceTree = "<group>"; };
		3AFE7EE0247164C7000E8463 /* plain.fs */ = {isa = PBXFileReference; lastKnownFileType = sourcecode.glsl; path = plain.fs; sourceTree = "<group>"; };
		3AFE7EE1247164C7000E8463 /* model.vs */ = {isa = PBXFileReference; lastKnownFileType = sourcecode.glsl; path = model.vs; sourceTree = "<group>"; };
		3AFE7EE2247164C7000E8463 /* plain.vs */ = {isa = PBXFileReference; lastKnownFileType = sourcecode.glsl; path = plain.vs; sourceTree = "<group>"; };
		3AFE7EE3247164C7000E8463 /* depth.vs */ = {isa = PBXFileReference; lastKnownFileType = sourcecode.glsl; path = depth.vs; sourceTree = "<group>"; };
		3AFE7EE4247164C7000E8463 /* text.vs */ = {isa = PBXFileReference; lastKnownFileType = sourcecode.glsl; path = text.vs; sourceTree = "<group>"; };
		3AFE7EE5247164C7000E8463 /* sphere.vs */ = {isa = PBXFileReference; lastKnownFileType = sourcecode.glsl; path = sphere.vs; sourceTree = "<group>"; };
		3AFE7EE8247164C8000E8463 /* AUTHORS */ = {isa = PBXFileReference; lastKnownFileType = text; path = AUTHORS; sourceTree = "<group>"; };
		3AFE7EE9247164C8000E8463 /* README */ = {isa = PBXFileReference; lastKnownFileType = text; path = README; sourceTree = "<group>"; };
		3AFE7EEA247164C8000E8463 /* fg_font_data.hpp */ = {isa = PBXFileReference; lastKnownFileType = sourcecode.cpp.h; path = fg_font_data.hpp; sourceTree = "<group>"; };
		3AFE7EEB247164C8000E8463 /* COPYING */ = {isa = PBXFileReference; lastKnownFileType = text; path = COPYING; sourceTree = "<group>"; };
		3AFE7EEC247164C8000E8463 /* glPrint.hpp */ = {isa = PBXFileReference; lastKnownFileType = sourcecode.cpp.h; path = glPrint.hpp; sourceTree = "<group>"; };
		3AFE7EF0247164C8000E8463 /* Trex.fbx */ = {isa = PBXFileReference; lastKnownFileType = file; path = Trex.fbx; sourceTree = "<group>"; };
		3AFE7EF2247164C8000E8463 /* TrexEyeColor.jpg.swatch */ = {isa = PBXFileReference; lastKnownFileType = file; path = TrexEyeColor.jpg.swatch; sourceTree = "<group>"; };
		3AFE7EF3247164C8000E8463 /* TrexByJoel3d.ma.swatches */ = {isa = PBXFileReference; lastKnownFileType = file; path = TrexByJoel3d.ma.swatches; sourceTree = "<group>"; };
		3AFE7EF4247164C8000E8463 /* TrexTooth.png.swatch */ = {isa = PBXFileReference; lastKnownFileType = file; path = TrexTooth.png.swatch; sourceTree = "<group>"; };
		3AFE7EF5247164C8000E8463 /* TrexSpec.png */ = {isa = PBXFileReference; lastKnownFileType = image.png; path = TrexSpec.png; sourceTree = "<group>"; };
		3AFE7EF6247164C8000E8463 /* TrexTooth.png */ = {isa = PBXFileReference; lastKnownFileType = image.png; path = TrexTooth.png; sourceTree = "<group>"; };
		3AFE7EF7247164C8000E8463 /* TrexEyeColor.jpg */ = {isa = PBXFileReference; lastKnownFileType = image.jpeg; path = TrexEyeColor.jpg; sourceTree = "<group>"; };
		3AFE7EF8247164C8000E8463 /* TrexColor01152015.jpg */ = {isa = PBXFileReference; lastKnownFileType = image.jpeg; path = TrexColor01152015.jpg; sourceTree = "<group>"; };
		3AFE7EF9247164C8000E8463 /* TrexBump012714.jpg */ = {isa = PBXFileReference; lastKnownFileType = image.jpeg; path = TrexBump012714.jpg; sourceTree = "<group>"; };
		3AFE7EFB247164C8000E8463 /* arial.ttf */ = {isa = PBXFileReference; lastKnownFileType = file; path = arial.ttf; sourceTree = "<group>"; };
		3AFE7EFD247164C8000E8463 /* glCuboid.hpp */ = {isa = PBXFileReference; lastKnownFileType = sourcecode.cpp.h; path = glCuboid.hpp; sourceTree = "<group>"; };
		3AFE7EFE247164C8000E8463 /* glLine.hpp */ = {isa = PBXFileReference; lastKnownFileType = sourcecode.cpp.h; path = glLine.hpp; sourceTree = "<group>"; };
		3AFE7EFF247164C8000E8463 /* glAxes.hpp */ = {isa = PBXFileReference; lastKnownFileType = sourcecode.cpp.h; path = glAxes.hpp; sourceTree = "<group>"; };
		3AFE7F00247164C8000E8463 /* glEllipse.hpp */ = {isa = PBXFileReference; lastKnownFileType = sourcecode.cpp.h; path = glEllipse.hpp; sourceTree = "<group>"; };
		3AFE7F01247164C8000E8463 /* glSphere.hpp */ = {isa = PBXFileReference; lastKnownFileType = sourcecode.cpp.h; path = glSphere.hpp; sourceTree = "<group>"; };
		3AFE7F02247164C8000E8463 /* glQuad.hpp */ = {isa = PBXFileReference; lastKnownFileType = sourcecode.cpp.h; path = glQuad.hpp; sourceTree = "<group>"; };
		3AFE7F03247164C8000E8463 /* glGrid.hpp */ = {isa = PBXFileReference; lastKnownFileType = sourcecode.cpp.h; path = glGrid.hpp; sourceTree = "<group>"; };
		3AFE7F04247164C8000E8463 /* glPrint.hpp */ = {isa = PBXFileReference; lastKnownFileType = sourcecode.cpp.h; path = glPrint.hpp; sourceTree = "<group>"; };
		3AFE7F05247164C8000E8463 /* glPoints.hpp */ = {isa = PBXFileReference; lastKnownFileType = sourcecode.cpp.h; path = glPoints.hpp; sourceTree = "<group>"; };
		3AFE7F06247164C8000E8463 /* glBox.hpp */ = {isa = PBXFileReference; lastKnownFileType = sourcecode.cpp.h; path = glBox.hpp; sourceTree = "<group>"; };
		3AFE7F08247164C8000E8463 /* glShadow.hpp */ = {isa = PBXFileReference; lastKnownFileType = sourcecode.cpp.h; path = glShadow.hpp; sourceTree = "<group>"; };
		3AFE7F09247164C8000E8463 /* glCamera.hpp */ = {isa = PBXFileReference; lastKnownFileType = sourcecode.cpp.h; path = glCamera.hpp; sourceTree = "<group>"; };
		3AFE7F0A247164C8000E8463 /* glLight.hpp */ = {isa = PBXFileReference; lastKnownFileType = sourcecode.cpp.h; path = glLight.hpp; sourceTree = "<group>"; };
		3AFE7F0B247164C8000E8463 /* glObject.hpp */ = {isa = PBXFileReference; lastKnownFileType = sourcecode.cpp.h; path = glObject.hpp; sourceTree = "<group>"; };
		3AFE7F0C247164C8000E8463 /* glTexture.hpp */ = {isa = PBXFileReference; lastKnownFileType = sourcecode.cpp.h; path = glTexture.hpp; sourceTree = "<group>"; };
		3AFE7F0D247164C8000E8463 /* glWindow.hpp */ = {isa = PBXFileReference; lastKnownFileType = sourcecode.cpp.h; path = glWindow.hpp; sourceTree = "<group>"; };
		3AFE7F0E247164C8000E8463 /* glShader.hpp */ = {isa = PBXFileReference; lastKnownFileType = sourcecode.cpp.h; path = glShader.hpp; sourceTree = "<group>"; };
		3AFE7F10247164C8000E8463 /* glMesh.hpp */ = {isa = PBXFileReference; lastKnownFileType = sourcecode.cpp.h; path = glMesh.hpp; sourceTree = "<group>"; };
		3AFE7F11247164C8000E8463 /* glMaterial.hpp */ = {isa = PBXFileReference; lastKnownFileType = sourcecode.cpp.h; path = glMaterial.hpp; sourceTree = "<group>"; };
		3AFE7F12247164C8000E8463 /* glModel.hpp */ = {isa = PBXFileReference; lastKnownFileType = sourcecode.cpp.h; path = glModel.hpp; sourceTree = "<group>"; };
		3AFE7F15247164C8000E8463 /* opengl.hpp */ = {isa = PBXFileReference; lastKnownFileType = sourcecode.cpp.h; path = opengl.hpp; sourceTree = "<group>"; };
		3AFE7F16247164C8000E8463 /* tiff.hpp */ = {isa = PBXFileReference; lastKnownFileType = sourcecode.cpp.h; path = tiff.hpp; sourceTree = "<group>"; };
		3AFE7F17247164C8000E8463 /* glfw.hpp */ = {isa = PBXFileReference; lastKnownFileType = sourcecode.cpp.h; path = glfw.hpp; sourceTree = "<group>"; };
		3AFE7F1824716691000E8463 /* ogl.hpp */ = {isa = PBXFileReference; lastKnownFileType = sourcecode.cpp.h; path = ogl.hpp; sourceTree = "<group>"; };
		3AFE7F192471681F000E8463 /* error.hpp */ = {isa = PBXFileReference; lastKnownFileType = sourcecode.cpp.h; path = error.hpp; sourceTree = "<group>"; };
/* End PBXFileReference section */

/* Begin PBXFrameworksBuildPhase section */
		3ABAC82D241F9B8400C40957 /* Frameworks */ = {
			isa = PBXFrameworksBuildPhase;
			buildActionMask = 2147483647;
			files = (
			);
			runOnlyForDeploymentPostprocessing = 0;
		};
/* End PBXFrameworksBuildPhase section */

/* Begin PBXGroup section */
		3A3B4954241F9BA200084872 /* include */ = {
			isa = PBXGroup;
			children = (
				3AFE7EE6247164C8000E8463 /* OpenGL2.1 */,
				3AFE7ED4247164C7000E8463 /* shader */,
				3AFE7EED247164C8000E8463 /* data */,
				3AFE7F14247164C8000E8463 /* utils */,
				3AFE7F0F247164C8000E8463 /* model */,
				3AFE7F07247164C8000E8463 /* core */,
				3AFE7EFC247164C8000E8463 /* objects */,
				3AFE7F1824716691000E8463 /* ogl.hpp */,
			);
			path = include;
			sourceTree = "<group>";
		};
		3ABAC827241F9B8400C40957 = {
			isa = PBXGroup;
			children = (
				3A3B4954241F9BA200084872 /* include */,
				3A3B498D241F9BA700084872 /* main.cpp */,
				3ABAC831241F9B8400C40957 /* Products */,
			);
			sourceTree = "<group>";
		};
		3ABAC831241F9B8400C40957 /* Products */ = {
			isa = PBXGroup;
			children = (
				3ABAC830241F9B8400C40957 /* OGL */,
			);
			name = Products;
			sourceTree = "<group>";
		};
		3AFE7ED4247164C7000E8463 /* shader */ = {
			isa = PBXGroup;
			children = (
				3AFE7ED7247164C7000E8463 /* shadow */,
				3AFE7EDE247164C7000E8463 /* depth.fs */,
				3AFE7EE3247164C7000E8463 /* depth.vs */,
				3AFE7EE0247164C7000E8463 /* plain.fs */,
				3AFE7EE2247164C7000E8463 /* plain.vs */,
				3A996DAA247AC96C00EF032F /* orto.fs */,
				3A996DAB247AC97700EF032F /* orto.vs */,
				3A4DA33E247464F800714407 /* advanced.fs */,
				3A4DA33D247464F600714407 /* advanced.vs */,
				3AFE7ED6247164C7000E8463 /* model.fs */,
				3AFE7EE1247164C7000E8463 /* model.vs */,
				3AFE7EDF247164C7000E8463 /* text.fs */,
				3AFE7EE4247164C7000E8463 /* text.vs */,
				3AF50E482476DCA500BE42EF /* text3D.vs */,
				3AFE7ED5247164C7000E8463 /* sphere.fs */,
				3AFE7EE5247164C7000E8463 /* sphere.vs */,
			);
			path = shader;
			sourceTree = "<group>";
		};
		3AFE7ED7247164C7000E8463 /* shadow */ = {
			isa = PBXGroup;
			children = (
				3AFE7ED8247164C7000E8463 /* PCF */,
				3AFE7EDC247164C7000E8463 /* shadowMap.vs */,
				3AFE7EDD247164C7000E8463 /* shadowMap.fs */,
			);
			path = shadow;
			sourceTree = "<group>";
		};
		3AFE7ED8247164C7000E8463 /* PCF */ = {
			isa = PBXGroup;
			children = (
				3AFE7ED9247164C7000E8463 /* PCF.vs */,
				3AFE7EDA247164C7000E8463 /* PCF.gs */,
				3AFE7EDB247164C7000E8463 /* PCF.fs */,
			);
			path = PCF;
			sourceTree = "<group>";
		};
		3AFE7EE6247164C8000E8463 /* OpenGL2.1 */ = {
			isa = PBXGroup;
			children = (
				3AFE7F15247164C8000E8463 /* opengl.hpp */,
				3AFE7EE7247164C8000E8463 /* freeglut */,
				3AFE7EEC247164C8000E8463 /* glPrint.hpp */,
			);
			path = OpenGL2.1;
			sourceTree = "<group>";
		};
		3AFE7EE7247164C8000E8463 /* freeglut */ = {
			isa = PBXGroup;
			children = (
				3AFE7EE8247164C8000E8463 /* AUTHORS */,
				3AFE7EE9247164C8000E8463 /* README */,
				3AFE7EEA247164C8000E8463 /* fg_font_data.hpp */,
				3AFE7EEB247164C8000E8463 /* COPYING */,
			);
			path = freeglut;
			sourceTree = "<group>";
		};
		3AFE7EED247164C8000E8463 /* data */ = {
			isa = PBXGroup;
			children = (
				3AFE7EEE247164C8000E8463 /* model */,
				3AFE7EFA247164C8000E8463 /* fonts */,
			);
			path = data;
			sourceTree = "<group>";
		};
		3AFE7EEE247164C8000E8463 /* model */ = {
			isa = PBXGroup;
			children = (
				3AFE7EEF247164C8000E8463 /* Trex */,
			);
			path = model;
			sourceTree = "<group>";
		};
		3AFE7EEF247164C8000E8463 /* Trex */ = {
			isa = PBXGroup;
			children = (
				3AFE7EF0247164C8000E8463 /* Trex.fbx */,
				3AFE7EF1247164C8000E8463 /* .mayaSwatches */,
				3AFE7EF5247164C8000E8463 /* TrexSpec.png */,
				3AFE7EF6247164C8000E8463 /* TrexTooth.png */,
				3AFE7EF7247164C8000E8463 /* TrexEyeColor.jpg */,
				3AFE7EF8247164C8000E8463 /* TrexColor01152015.jpg */,
				3AFE7EF9247164C8000E8463 /* TrexBump012714.jpg */,
			);
			path = Trex;
			sourceTree = "<group>";
		};
		3AFE7EF1247164C8000E8463 /* .mayaSwatches */ = {
			isa = PBXGroup;
			children = (
				3AFE7EF2247164C8000E8463 /* TrexEyeColor.jpg.swatch */,
				3AFE7EF3247164C8000E8463 /* TrexByJoel3d.ma.swatches */,
				3AFE7EF4247164C8000E8463 /* TrexTooth.png.swatch */,
			);
			path = .mayaSwatches;
			sourceTree = "<group>";
		};
		3AFE7EFA247164C8000E8463 /* fonts */ = {
			isa = PBXGroup;
			children = (
				3AFE7EFB247164C8000E8463 /* arial.ttf */,
			);
			path = fonts;
			sourceTree = "<group>";
		};
		3AFE7EFC247164C8000E8463 /* objects */ = {
			isa = PBXGroup;
			children = (
				3AFE7EFE247164C8000E8463 /* glLine.hpp */,
				3AFE7EFF247164C8000E8463 /* glAxes.hpp */,
				3A5EBD9D247925A200F2C146 /* glReferenceAxes.hpp */,
				3A4DA33C24745DAA00714407 /* glLines.hpp */,
				3AFE7F00247164C8000E8463 /* glEllipse.hpp */,
				3AFE7F01247164C8000E8463 /* glSphere.hpp */,
				3AFE7F03247164C8000E8463 /* glGrid.hpp */,
				3AFE7F06247164C8000E8463 /* glBox.hpp */,
				3AFE7EFD247164C8000E8463 /* glCuboid.hpp */,
				3AFE7F05247164C8000E8463 /* glPoints.hpp */,
				3AFE7F04247164C8000E8463 /* glPrint.hpp */,
				3AF50E472476DA6600BE42EF /* glPrint3D.hpp */,
			);
			path = objects;
			sourceTree = "<group>";
		};
		3AFE7F07247164C8000E8463 /* core */ = {
			isa = PBXGroup;
			children = (
				3AFE7F02247164C8000E8463 /* glQuad.hpp */,
				3AFE7F08247164C8000E8463 /* glShadow.hpp */,
				3AFE7F09247164C8000E8463 /* glCamera.hpp */,
				3AFE7F0B247164C8000E8463 /* glObject.hpp */,
				3AF045942472DBB100DBCC91 /* glColors.hpp */,
				3AFE7F0C247164C8000E8463 /* glTexture.hpp */,
				3AFE7F0D247164C8000E8463 /* glWindow.hpp */,
				3AFE7F0E247164C8000E8463 /* glShader.hpp */,
			);
			path = core;
			sourceTree = "<group>";
		};
		3AFE7F0F247164C8000E8463 /* model */ = {
			isa = PBXGroup;
			children = (
				3AFE7F0A247164C8000E8463 /* glLight.hpp */,
				3AFE7F10247164C8000E8463 /* glMesh.hpp */,
				3AFE7F11247164C8000E8463 /* glMaterial.hpp */,
				3AFE7F12247164C8000E8463 /* glModel.hpp */,
			);
			path = model;
			sourceTree = "<group>";
		};
		3AFE7F14247164C8000E8463 /* utils */ = {
			isa = PBXGroup;
			children = (
				3AFE1E9624742880006C81D8 /* debug.hpp */,
				3AFE7F16247164C8000E8463 /* tiff.hpp */,
				3AFE7F17247164C8000E8463 /* glfw.hpp */,
				3AFE7F192471681F000E8463 /* error.hpp */,
			);
			path = utils;
			sourceTree = "<group>";
		};
/* End PBXGroup section */

/* Begin PBXNativeTarget section */
		3ABAC82F241F9B8400C40957 /* OGL */ = {
			isa = PBXNativeTarget;
			buildConfigurationList = 3ABAC837241F9B8400C40957 /* Build configuration list for PBXNativeTarget "OGL" */;
			buildPhases = (
				3ABAC82C241F9B8400C40957 /* Sources */,
				3ABAC82D241F9B8400C40957 /* Frameworks */,
				3ABAC82E241F9B8400C40957 /* CopyFiles */,
			);
			buildRules = (
			);
			dependencies = (
			);
			name = OGL;
			productName = OGL;
			productReference = 3ABAC830241F9B8400C40957 /* OGL */;
			productType = "com.apple.product-type.tool";
		};
/* End PBXNativeTarget section */

/* Begin PBXProject section */
		3ABAC828241F9B8400C40957 /* Project object */ = {
			isa = PBXProject;
			attributes = {
				LastUpgradeCheck = 1130;
				ORGANIZATIONNAME = "Leonardo Parisi";
				TargetAttributes = {
					3ABAC82F241F9B8400C40957 = {
						CreatedOnToolsVersion = 11.3.1;
					};
				};
			};
			buildConfigurationList = 3ABAC82B241F9B8400C40957 /* Build configuration list for PBXProject "OGL" */;
			compatibilityVersion = "Xcode 9.3";
			developmentRegion = en;
			hasScannedForEncodings = 0;
			knownRegions = (
				en,
				Base,
			);
			mainGroup = 3ABAC827241F9B8400C40957;
			productRefGroup = 3ABAC831241F9B8400C40957 /* Products */;
			projectDirPath = "";
			projectRoot = "";
			targets = (
				3ABAC82F241F9B8400C40957 /* OGL */,
			);
		};
/* End PBXProject section */

/* Begin PBXSourcesBuildPhase section */
		3ABAC82C241F9B8400C40957 /* Sources */ = {
			isa = PBXSourcesBuildPhase;
			buildActionMask = 2147483647;
			files = (
				3A91D24E2423CB6A00A86587 /* main.cpp in Sources */,
			);
			runOnlyForDeploymentPostprocessing = 0;
		};
/* End PBXSourcesBuildPhase section */

/* Begin XCBuildConfiguration section */
		3ABAC835241F9B8400C40957 /* Debug */ = {
			isa = XCBuildConfiguration;
			buildSettings = {
				ALWAYS_SEARCH_USER_PATHS = NO;
				CLANG_ANALYZER_NONNULL = YES;
				CLANG_ANALYZER_NUMBER_OBJECT_CONVERSION = YES_AGGRESSIVE;
				CLANG_CXX_LANGUAGE_STANDARD = "gnu++17";
				CLANG_CXX_LIBRARY = "libc++";
				CLANG_ENABLE_MODULES = YES;
				CLANG_ENABLE_OBJC_ARC = YES;
				CLANG_ENABLE_OBJC_WEAK = YES;
				CLANG_WARN_BLOCK_CAPTURE_AUTORELEASING = YES;
				CLANG_WARN_BOOL_CONVERSION = YES;
				CLANG_WARN_COMMA = YES;
				CLANG_WARN_CONSTANT_CONVERSION = YES;
				CLANG_WARN_DEPRECATED_OBJC_IMPLEMENTATIONS = YES;
				CLANG_WARN_DIRECT_OBJC_ISA_USAGE = YES_ERROR;
				CLANG_WARN_DOCUMENTATION_COMMENTS = NO;
				CLANG_WARN_EMPTY_BODY = YES;
				CLANG_WARN_ENUM_CONVERSION = YES;
				CLANG_WARN_INFINITE_RECURSION = YES;
				CLANG_WARN_INT_CONVERSION = YES;
				CLANG_WARN_NON_LITERAL_NULL_CONVERSION = YES;
				CLANG_WARN_OBJC_IMPLICIT_RETAIN_SELF = YES;
				CLANG_WARN_OBJC_LITERAL_CONVERSION = YES;
				CLANG_WARN_OBJC_ROOT_CLASS = YES_ERROR;
				CLANG_WARN_RANGE_LOOP_ANALYSIS = YES;
				CLANG_WARN_STRICT_PROTOTYPES = YES;
				CLANG_WARN_SUSPICIOUS_MOVE = YES;
				CLANG_WARN_UNGUARDED_AVAILABILITY = YES_AGGRESSIVE;
				CLANG_WARN_UNREACHABLE_CODE = YES;
				CLANG_WARN__DUPLICATE_METHOD_MATCH = YES;
				COPY_PHASE_STRIP = NO;
				DEBUG_INFORMATION_FORMAT = dwarf;
				ENABLE_STRICT_OBJC_MSGSEND = YES;
				ENABLE_TESTABILITY = YES;
				GCC_C_LANGUAGE_STANDARD = gnu11;
				GCC_DYNAMIC_NO_PIC = NO;
				GCC_NO_COMMON_BLOCKS = YES;
				GCC_OPTIMIZATION_LEVEL = 0;
				GCC_PREPROCESSOR_DEFINITIONS = (
					"DEBUG=1",
					"$(inherited)",
				);
				GCC_WARN_64_TO_32_BIT_CONVERSION = YES;
				GCC_WARN_ABOUT_RETURN_TYPE = YES_ERROR;
				GCC_WARN_UNDECLARED_SELECTOR = YES;
				GCC_WARN_UNINITIALIZED_AUTOS = YES_AGGRESSIVE;
				GCC_WARN_UNUSED_FUNCTION = YES;
				GCC_WARN_UNUSED_VARIABLE = YES;
				HEADER_SEARCH_PATHS = (
					/usr/local/include/,
					/usr/local/include/opencv4,
				);
				LIBRARY_SEARCH_PATHS = /usr/local/lib/;
				MACOSX_DEPLOYMENT_TARGET = 10.14;
				MTL_ENABLE_DEBUG_INFO = INCLUDE_SOURCE;
				MTL_FAST_MATH = YES;
				ONLY_ACTIVE_ARCH = YES;
				OTHER_LDFLAGS = (
					"-lassimp",
					"-ltiff",
					"-lSOIL2",
					"-lglad",
					"-lglfw3",
					"-framework",
					Cocoa,
					"-framework",
					IOKit,
					"-framework",
					CoreFoundation,
					"-framework",
					CoreVideo,
					"-framework",
					OpenGL,
				);
				SDKROOT = macosx;
			};
			name = Debug;
		};
		3ABAC836241F9B8400C40957 /* Release */ = {
			isa = XCBuildConfiguration;
			buildSettings = {
				ALWAYS_SEARCH_USER_PATHS = NO;
				CLANG_ANALYZER_NONNULL = YES;
				CLANG_ANALYZER_NUMBER_OBJECT_CONVERSION = YES_AGGRESSIVE;
				CLANG_CXX_LANGUAGE_STANDARD = "gnu++17";
				CLANG_CXX_LIBRARY = "libc++";
				CLANG_ENABLE_MODULES = YES;
				CLANG_ENABLE_OBJC_ARC = YES;
				CLANG_ENABLE_OBJC_WEAK = YES;
				CLANG_WARN_BLOCK_CAPTURE_AUTORELEASING = YES;
				CLANG_WARN_BOOL_CONVERSION = YES;
				CLANG_WARN_COMMA = YES;
				CLANG_WARN_CONSTANT_CONVERSION = YES;
				CLANG_WARN_DEPRECATED_OBJC_IMPLEMENTATIONS = YES;
				CLANG_WARN_DIRECT_OBJC_ISA_USAGE = YES_ERROR;
				CLANG_WARN_DOCUMENTATION_COMMENTS = NO;
				CLANG_WARN_EMPTY_BODY = YES;
				CLANG_WARN_ENUM_CONVERSION = YES;
				CLANG_WARN_INFINITE_RECURSION = YES;
				CLANG_WARN_INT_CONVERSION = YES;
				CLANG_WARN_NON_LITERAL_NULL_CONVERSION = YES;
				CLANG_WARN_OBJC_IMPLICIT_RETAIN_SELF = YES;
				CLANG_WARN_OBJC_LITERAL_CONVERSION = YES;
				CLANG_WARN_OBJC_ROOT_CLASS = YES_ERROR;
				CLANG_WARN_RANGE_LOOP_ANALYSIS = YES;
				CLANG_WARN_STRICT_PROTOTYPES = YES;
				CLANG_WARN_SUSPICIOUS_MOVE = YES;
				CLANG_WARN_UNGUARDED_AVAILABILITY = YES_AGGRESSIVE;
				CLANG_WARN_UNREACHABLE_CODE = YES;
				CLANG_WARN__DUPLICATE_METHOD_MATCH = YES;
				COPY_PHASE_STRIP = NO;
				DEBUG_INFORMATION_FORMAT = "dwarf-with-dsym";
				ENABLE_NS_ASSERTIONS = NO;
				ENABLE_STRICT_OBJC_MSGSEND = YES;
				GCC_C_LANGUAGE_STANDARD = gnu11;
				GCC_NO_COMMON_BLOCKS = YES;
				GCC_WARN_64_TO_32_BIT_CONVERSION = YES;
				GCC_WARN_ABOUT_RETURN_TYPE = YES_ERROR;
				GCC_WARN_UNDECLARED_SELECTOR = YES;
				GCC_WARN_UNINITIALIZED_AUTOS = YES_AGGRESSIVE;
				GCC_WARN_UNUSED_FUNCTION = YES;
				GCC_WARN_UNUSED_VARIABLE = YES;
				HEADER_SEARCH_PATHS = (
					/usr/local/include/,
					/usr/local/include/opencv4,
				);
				LIBRARY_SEARCH_PATHS = /usr/local/lib/;
				MACOSX_DEPLOYMENT_TARGET = 10.14;
				MTL_ENABLE_DEBUG_INFO = NO;
				MTL_FAST_MATH = YES;
				OTHER_LDFLAGS = (
					"-lassimp",
					"-ltiff",
					"-lSOIL2",
					"-lglad",
					"-lglfw3",
					"-framework",
					Cocoa,
					"-framework",
					IOKit,
					"-framework",
					CoreFoundation,
					"-framework",
					CoreVideo,
					"-framework",
					OpenGL,
				);
				SDKROOT = macosx;
			};
			name = Release;
		};
		3ABAC838241F9B8400C40957 /* Debug */ = {
			isa = XCBuildConfiguration;
			buildSettings = {
				CODE_SIGN_STYLE = Automatic;
				GCC_PREPROCESSOR_DEFINITIONS = (
					IMGUI_IMPL_OPENGL_LOADER_GLAD,
					"DEBUG=1",
					"$(inherited)",
				);
				HEADER_SEARCH_PATHS = (
					/usr/local/include/,
					/usr/local/include/opencv4,
					/usr/local/include/freetype2/,
				);
				OTHER_LDFLAGS = (
					"-limgui",
					"-lfreetype",
					"-lassimp",
					"-ltiff",
					"-lSOIL2",
					"-lglad",
					"-lglfw3",
					"-framework",
					Cocoa,
					"-framework",
					IOKit,
					"-framework",
					CoreFoundation,
					"-framework",
					CoreVideo,
					"-framework",
					OpenGL,
				);
				PRODUCT_NAME = "$(TARGET_NAME)";
			};
			name = Debug;
		};
		3ABAC839241F9B8400C40957 /* Release */ = {
			isa = XCBuildConfiguration;
			buildSettings = {
				CODE_SIGN_STYLE = Automatic;
				HEADER_SEARCH_PATHS = (
					/usr/local/include/,
					/usr/local/include/opencv4,
					/usr/local/include/freetype2/,
				);
				OTHER_LDFLAGS = (
					"-limgui",
					"-lfreetype",
					"-lassimp",
					"-ltiff",
					"-lSOIL2",
					"-lglad",
					"-lglfw3",
					"-framework",
					Cocoa,
					"-framework",
					IOKit,
					"-framework",
					CoreFoundation,
					"-framework",
					CoreVideo,
					"-framework",
					OpenGL,
				);
				PRODUCT_NAME = "$(TARGET_NAME)";
			};
			name = Release;
		};
/* End XCBuildConfiguration section */

/* Begin XCConfigurationList section */
		3ABAC82B241F9B8400C40957 /* Build configuration list for PBXProject "OGL" */ = {
			isa = XCConfigurationList;
			buildConfigurations = (
				3ABAC835241F9B8400C40957 /* Debug */,
				3ABAC836241F9B8400C40957 /* Release */,
			);
			defaultConfigurationIsVisible = 0;
			defaultConfigurationName = Release;
		};
		3ABAC837241F9B8400C40957 /* Build configuration list for PBXNativeTarget "OGL" */ = {
			isa = XCConfigurationList;
			buildConfigurations = (
				3ABAC838241F9B8400C40957 /* Debug */,
				3ABAC839241F9B8400C40957 /* Release */,
			);
			defaultConfigurationIsVisible = 0;
			defaultConfigurationName = Release;
		};
/* End XCConfigurationList section */
	};
	rootObject = 3ABAC828241F9B8400C40957 /* Project object */;
}
